
Microsoft Visual Studio Solution File, Format Version 12.00
# Visual Studio Version 16
VisualStudioVersion = 16.0.29215.179
MinimumVisualStudioVersion = 10.0.40219.1
Project("{FAE04EC0-301F-11D3-BF4B-00C04F79EFBC}") = "gra", "gra.csproj", "{F93C990A-56FA-4D67-ADCE-DDAEA832E3A9}"
EndProject
Global
	GlobalSection(SolutionConfigurationPlatforms) = preSolution
		Debug|Any CPU = Debug|Any CPU
		Release|Any CPU = Release|Any CPU
	EndGlobalSection
	GlobalSection(ProjectConfigurationPlatforms) = postSolution
		{F93C990A-56FA-4D67-ADCE-DDAEA832E3A9}.Debug|Any CPU.ActiveCfg = Debug|Any CPU
		{F93C990A-56FA-4D67-ADCE-DDAEA832E3A9}.Debug|Any CPU.Build.0 = Debug|Any CPU
		{F93C990A-56FA-4D67-ADCE-DDAEA832E3A9}.Release|Any CPU.ActiveCfg = Release|Any CPU
		{F93C990A-56FA-4D67-ADCE-DDAEA832E3A9}.Release|Any CPU.Build.0 = Release|Any CPU
	EndGlobalSection
	GlobalSection(SolutionProperties) = preSolution
		HideSolutionNode = FALSE
	EndGlobalSection
	GlobalSection(ExtensibilityGlobals) = postSolution
		SolutionGuid = {2DA87A38-6556-4991-AEF8-F884B3A865DD}
	EndGlobalSection
EndGlobal
